// !$*UTF8*$!
{
	archiveVersion = 1;
	classes = {
	};
	objectVersion = 46;
	objects = {

/* Begin PBXBuildFile section */
		F87502041E4B51400062D5A3 /* main.m in Sources */ = {isa = PBXBuildFile; fileRef = F87502031E4B51400062D5A3 /* main.m */; };
		F87502071E4B51400062D5A3 /* AppDelegate.m in Sources */ = {isa = PBXBuildFile; fileRef = F87502061E4B51400062D5A3 /* AppDelegate.m */; };
		F875020D1E4B51400062D5A3 /* Main.storyboard in Resources */ = {isa = PBXBuildFile; fileRef = F875020B1E4B51400062D5A3 /* Main.storyboard */; };
		F875020F1E4B51400062D5A3 /* Assets.xcassets in Resources */ = {isa = PBXBuildFile; fileRef = F875020E1E4B51400062D5A3 /* Assets.xcassets */; };
		F87502121E4B51400062D5A3 /* LaunchScreen.storyboard in Resources */ = {isa = PBXBuildFile; fileRef = F87502101E4B51400062D5A3 /* LaunchScreen.storyboard */; };
		F87502261E4B55BD0062D5A3 /* ViewController.m in Sources */ = {isa = PBXBuildFile; fileRef = F87502251E4B55BD0062D5A3 /* ViewController.m */; };
		F87502291E4B56950062D5A3 /* Pacco.m in Sources */ = {isa = PBXBuildFile; fileRef = F87502281E4B56950062D5A3 /* Pacco.m */; };
		F875022E1E4B71550062D5A3 /* Utils.m in Sources */ = {isa = PBXBuildFile; fileRef = F875022D1E4B71550062D5A3 /* Utils.m */; };
		F87502311E4B7ADD0062D5A3 /* Corriere.m in Sources */ = {isa = PBXBuildFile; fileRef = F87502301E4B7ADD0062D5A3 /* Corriere.m */; };
/* End PBXBuildFile section */

/* Begin PBXFileReference section */
		F87501FF1E4B51400062D5A3 /* Stoccaggio.app */ = {isa = PBXFileReference; explicitFileType = wrapper.application; includeInIndex = 0; path = Stoccaggio.app; sourceTree = BUILT_PRODUCTS_DIR; };
		F87502031E4B51400062D5A3 /* main.m */ = {isa = PBXFileReference; lastKnownFileType = sourcecode.c.objc; path = main.m; sourceTree = "<group>"; };
		F87502051E4B51400062D5A3 /* AppDelegate.h */ = {isa = PBXFileReference; lastKnownFileType = sourcecode.c.h; path = AppDelegate.h; sourceTree = "<group>"; };
		F87502061E4B51400062D5A3 /* AppDelegate.m */ = {isa = PBXFileReference; lastKnownFileType = sourcecode.c.objc; path = AppDelegate.m; sourceTree = "<group>"; };
		F875020C1E4B51400062D5A3 /* Base */ = {isa = PBXFileReference; lastKnownFileType = file.storyboard; name = Base; path = Base.lproj/Main.storyboard; sourceTree = "<group>"; };
		F875020E1E4B51400062D5A3 /* Assets.xcassets */ = {isa = PBXFileReference; lastKnownFileType = folder.assetcatalog; path = Assets.xcassets; sourceTree = "<group>"; };
		F87502111E4B51400062D5A3 /* Base */ = {isa = PBXFileReference; lastKnownFileType = file.storyboard; name = Base; path = Base.lproj/LaunchScreen.storyboard; sourceTree = "<group>"; };
		F87502131E4B51400062D5A3 /* Info.plist */ = {isa = PBXFileReference; lastKnownFileType = text.plist.xml; path = Info.plist; sourceTree = "<group>"; };
		F87502241E4B55BD0062D5A3 /* ViewController.h */ = {isa = PBXFileReference; fileEncoding = 4; lastKnownFileType = sourcecode.c.h; path = ViewController.h; sourceTree = "<group>"; };
		F87502251E4B55BD0062D5A3 /* ViewController.m */ = {isa = PBXFileReference; fileEncoding = 4; lastKnownFileType = sourcecode.c.objc; path = ViewController.m; sourceTree = "<group>"; };
		F87502271E4B56950062D5A3 /* Pacco.h */ = {isa = PBXFileReference; fileEncoding = 4; lastKnownFileType = sourcecode.c.h; path = Pacco.h; sourceTree = "<group>"; };
		F87502281E4B56950062D5A3 /* Pacco.m */ = {isa = PBXFileReference; fileEncoding = 4; lastKnownFileType = sourcecode.c.objc; path = Pacco.m; sourceTree = "<group>"; };
		F875022C1E4B71550062D5A3 /* Utils.h */ = {isa = PBXFileReference; fileEncoding = 4; lastKnownFileType = sourcecode.c.h; path = Utils.h; sourceTree = "<group>"; };
		F875022D1E4B71550062D5A3 /* Utils.m */ = {isa = PBXFileReference; fileEncoding = 4; lastKnownFileType = sourcecode.c.objc; path = Utils.m; sourceTree = "<group>"; };
		F875022F1E4B7ADD0062D5A3 /* Corriere.h */ = {isa = PBXFileReference; fileEncoding = 4; lastKnownFileType = sourcecode.c.h; path = Corriere.h; sourceTree = "<group>"; };
		F87502301E4B7ADD0062D5A3 /* Corriere.m */ = {isa = PBXFileReference; fileEncoding = 4; lastKnownFileType = sourcecode.c.objc; path = Corriere.m; sourceTree = "<group>"; };
/* End PBXFileReference section */

/* Begin PBXFrameworksBuildPhase section */
		F87501FC1E4B51400062D5A3 /* Frameworks */ = {
			isa = PBXFrameworksBuildPhase;
			buildActionMask = 2147483647;
			files = (
			);
			runOnlyForDeploymentPostprocessing = 0;
		};
/* End PBXFrameworksBuildPhase section */

/* Begin PBXGroup section */
		F87501F61E4B51400062D5A3 = {
			isa = PBXGroup;
			children = (
				F87502011E4B51400062D5A3 /* Stoccaggio */,
				F87502001E4B51400062D5A3 /* Products */,
			);
			sourceTree = "<group>";
		};
		F87502001E4B51400062D5A3 /* Products */ = {
			isa = PBXGroup;
			children = (
				F87501FF1E4B51400062D5A3 /* Stoccaggio.app */,
			);
			name = Products;
			sourceTree = "<group>";
		};
		F87502011E4B51400062D5A3 /* Stoccaggio */ = {
			isa = PBXGroup;
			children = (
				F87502211E4B55BD0062D5A3 /* Classes */,
				F87502051E4B51400062D5A3 /* AppDelegate.h */,
				F87502061E4B51400062D5A3 /* AppDelegate.m */,
				F875020B1E4B51400062D5A3 /* Main.storyboard */,
				F875020E1E4B51400062D5A3 /* Assets.xcassets */,
				F87502101E4B51400062D5A3 /* LaunchScreen.storyboard */,
				F87502131E4B51400062D5A3 /* Info.plist */,
				F87502021E4B51400062D5A3 /* Supporting Files */,
			);
			path = Stoccaggio;
			sourceTree = "<group>";
		};
		F87502021E4B51400062D5A3 /* Supporting Files */ = {
			isa = PBXGroup;
			children = (
				F87502031E4B51400062D5A3 /* main.m */,
			);
			name = "Supporting Files";
			sourceTree = "<group>";
		};
		F87502211E4B55BD0062D5A3 /* Classes */ = {
			isa = PBXGroup;
			children = (
				F875022B1E4B712B0062D5A3 /* Utils */,
				F87502221E4B55BD0062D5A3 /* Model */,
				F87502231E4B55BD0062D5A3 /* ViewControllers */,
			);
			path = Classes;
			sourceTree = "<group>";
		};
		F87502221E4B55BD0062D5A3 /* Model */ = {
			isa = PBXGroup;
			children = (
				F87502271E4B56950062D5A3 /* Pacco.h */,
				F87502281E4B56950062D5A3 /* Pacco.m */,
				F875022F1E4B7ADD0062D5A3 /* Corriere.h */,
				F87502301E4B7ADD0062D5A3 /* Corriere.m */,
			);
			path = Model;
			sourceTree = "<group>";
		};
		F87502231E4B55BD0062D5A3 /* ViewControllers */ = {
			isa = PBXGroup;
			children = (
				F87502241E4B55BD0062D5A3 /* ViewController.h */,
				F87502251E4B55BD0062D5A3 /* ViewController.m */,
			);
			path = ViewControllers;
			sourceTree = "<group>";
		};
		F875022B1E4B712B0062D5A3 /* Utils */ = {
			isa = PBXGroup;
			children = (
				F875022C1E4B71550062D5A3 /* Utils.h */,
				F875022D1E4B71550062D5A3 /* Utils.m */,
			);
			path = Utils;
			sourceTree = "<group>";
		};
/* End PBXGroup section */

/* Begin PBXNativeTarget section */
		F87501FE1E4B51400062D5A3 /* Stoccaggio */ = {
			isa = PBXNativeTarget;
			buildConfigurationList = F87502161E4B51400062D5A3 /* Build configuration list for PBXNativeTarget "Stoccaggio" */;
			buildPhases = (
				F87501FB1E4B51400062D5A3 /* Sources */,
				F87501FC1E4B51400062D5A3 /* Frameworks */,
				F87501FD1E4B51400062D5A3 /* Resources */,
			);
			buildRules = (
			);
			dependencies = (
			);
			name = Stoccaggio;
			productName = Stoccaggio;
			productReference = F87501FF1E4B51400062D5A3 /* Stoccaggio.app */;
			productType = "com.apple.product-type.application";
		};
/* End PBXNativeTarget section */

/* Begin PBXProject section */
		F87501F71E4B51400062D5A3 /* Project object */ = {
			isa = PBXProject;
			attributes = {
				LastUpgradeCheck = 0820;
				ORGANIZATIONNAME = "Luca Campara";
				TargetAttributes = {
					F87501FE1E4B51400062D5A3 = {
						CreatedOnToolsVersion = 8.2.1;
						ProvisioningStyle = Automatic;
					};
				};
			};
			buildConfigurationList = F87501FA1E4B51400062D5A3 /* Build configuration list for PBXProject "Stoccaggio" */;
			compatibilityVersion = "Xcode 3.2";
			developmentRegion = English;
			hasScannedForEncodings = 0;
			knownRegions = (
				en,
				Base,
			);
			mainGroup = F87501F61E4B51400062D5A3;
			productRefGroup = F87502001E4B51400062D5A3 /* Products */;
			projectDirPath = "";
			projectRoot = "";
			targets = (
				F87501FE1E4B51400062D5A3 /* Stoccaggio */,
			);
		};
/* End PBXProject section */

/* Begin PBXResourcesBuildPhase section */
		F87501FD1E4B51400062D5A3 /* Resources */ = {
			isa = PBXResourcesBuildPhase;
			buildActionMask = 2147483647;
			files = (
				F87502121E4B51400062D5A3 /* LaunchScreen.storyboard in Resources */,
				F875020F1E4B51400062D5A3 /* Assets.xcassets in Resources */,
				F875020D1E4B51400062D5A3 /* Main.storyboard in Resources */,
			);
			runOnlyForDeploymentPostprocessing = 0;
		};
/* End PBXResourcesBuildPhase section */

/* Begin PBXSourcesBuildPhase section */
		F87501FB1E4B51400062D5A3 /* Sources */ = {
			isa = PBXSourcesBuildPhase;
			buildActionMask = 2147483647;
			files = (
				F87502291E4B56950062D5A3 /* Pacco.m in Sources */,
				F87502261E4B55BD0062D5A3 /* ViewController.m in Sources */,
				F87502311E4B7ADD0062D5A3 /* Corriere.m in Sources */,
				F87502071E4B51400062D5A3 /* AppDelegate.m in Sources */,
				F875022E1E4B71550062D5A3 /* Utils.m in Sources */,
				F87502041E4B51400062D5A3 /* main.m in Sources */,
			);
			runOnlyForDeploymentPostprocessing = 0;
		};
/* End PBXSourcesBuildPhase section */

/* Begin PBXVariantGroup section */
		F875020B1E4B51400062D5A3 /* Main.storyboard */ = {
			isa = PBXVariantGroup;
			children = (
				F875020C1E4B51400062D5A3 /* Base */,
			);
			name = Main.storyboard;
			sourceTree = "<group>";
		};
		F87502101E4B51400062D5A3 /* LaunchScreen.storyboard */ = {
			isa = PBXVariantGroup;
			children = (
				F87502111E4B51400062D5A3 /* Base */,
			);
			name = LaunchScreen.storyboard;
			sourceTree = "<group>";
		};
/* End PBXVariantGroup section */

/* Begin XCBuildConfiguration section */
		F87502141E4B51400062D5A3 /* Debug */ = {
			isa = XCBuildConfiguration;
			buildSettings = {
				ALWAYS_SEARCH_USER_PATHS = NO;
				CLANG_ANALYZER_NONNULL = YES;
				CLANG_CXX_LANGUAGE_STANDARD = "gnu++0x";
				CLANG_CXX_LIBRARY = "libc++";
				CLANG_ENABLE_MODULES = YES;
				CLANG_ENABLE_OBJC_ARC = YES;
				CLANG_WARN_BOOL_CONVERSION = YES;
				CLANG_WARN_CONSTANT_CONVERSION = YES;
				CLANG_WARN_DIRECT_OBJC_ISA_USAGE = YES_ERROR;
				CLANG_WARN_DOCUMENTATION_COMMENTS = YES;
				CLANG_WARN_EMPTY_BODY = YES;
				CLANG_WARN_ENUM_CONVERSION = YES;
				CLANG_WARN_INFINITE_RECURSION = YES;
				CLANG_WARN_INT_CONVERSION = YES;
				CLANG_WARN_OBJC_ROOT_CLASS = YES_ERROR;
				CLANG_WARN_SUSPICIOUS_MOVE = YES;
				CLANG_WARN_UNREACHABLE_CODE = YES;
				CLANG_WARN__DUPLICATE_METHOD_MATCH = YES;
				"CODE_SIGN_IDENTITY[sdk=iphoneos*]" = "iPhone Developer";
				COPY_PHASE_STRIP = NO;
				DEBUG_INFORMATION_FORMAT = dwarf;
				ENABLE_STRICT_OBJC_MSGSEND = YES;
				ENABLE_TESTABILITY = YES;
				GCC_C_LANGUAGE_STANDARD = gnu99;
				GCC_DYNAMIC_NO_PIC = NO;
				GCC_NO_COMMON_BLOCKS = YES;
				GCC_OPTIMIZATION_LEVEL = 0;
				GCC_PREPROCESSOR_DEFINITIONS = (
					"DEBUG=1",
					"$(inherited)",
				);
				GCC_WARN_64_TO_32_BIT_CONVERSION = YES;
				GCC_WARN_ABOUT_RETURN_TYPE = YES_ERROR;
				GCC_WARN_UNDECLARED_SELECTOR = YES;
				GCC_WARN_UNINITIALIZED_AUTOS = YES_AGGRESSIVE;
				GCC_WARN_UNUSED_FUNCTION = YES;
				GCC_WARN_UNUSED_VARIABLE = YES;
				IPHONEOS_DEPLOYMENT_TARGET = 10.2;
				MTL_ENABLE_DEBUG_INFO = YES;
				ONLY_ACTIVE_ARCH = YES;
				SDKROOT = iphoneos;
				TARGETED_DEVICE_FAMILY = "1,2";
			};
			name = Debug;
		};
		F87502151E4B51400062D5A3 /* Release */ = {
			isa = XCBuildConfiguration;
			buildSettings = {
				ALWAYS_SEARCH_USER_PATHS = NO;
				CLANG_ANALYZER_NONNULL = YES;
				CLANG_CXX_LANGUAGE_STANDARD = "gnu++0x";
				CLANG_CXX_LIBRARY = "libc++";
				CLANG_ENABLE_MODULES = YES;
				CLANG_ENABLE_OBJC_ARC = YES;
				CLANG_WARN_BOOL_CONVERSION = YES;
				CLANG_WARN_CONSTANT_CONVERSION = YES;
				CLANG_WARN_DIRECT_OBJC_ISA_USAGE = YES_ERROR;
				CLANG_WARN_DOCUMENTATION_COMMENTS = YES;
				CLANG_WARN_EMPTY_BODY = YES;
				CLANG_WARN_ENUM_CONVERSION = YES;
				CLANG_WARN_INFINITE_RECURSION = YES;
				CLANG_WARN_INT_CONVERSION = YES;
				CLANG_WARN_OBJC_ROOT_CLASS = YES_ERROR;
				CLANG_WARN_SUSPICIOUS_MOVE = YES;
				CLANG_WARN_UNREACHABLE_CODE = YES;
				CLANG_WARN__DUPLICATE_METHOD_MATCH = YES;
				"CODE_SIGN_IDENTITY[sdk=iphoneos*]" = "iPhone Developer";
				COPY_PHASE_STRIP = NO;
				DEBUG_INFORMATION_FORMAT = "dwarf-with-dsym";
				ENABLE_NS_ASSERTIONS = NO;
				ENABLE_STRICT_OBJC_MSGSEND = YES;
				GCC_C_LANGUAGE_STANDARD = gnu99;
				GCC_NO_COMMON_BLOCKS = YES;
				GCC_WARN_64_TO_32_BIT_CONVERSION = YES;
				GCC_WARN_ABOUT_RETURN_TYPE = YES_ERROR;
				GCC_WARN_UNDECLARED_SELECTOR = YES;
				GCC_WARN_UNINITIALIZED_AUTOS = YES_AGGRESSIVE;
				GCC_WARN_UNUSED_FUNCTION = YES;
				GCC_WARN_UNUSED_VARIABLE = YES;
				IPHONEOS_DEPLOYMENT_TARGET = 10.2;
				MTL_ENABLE_DEBUG_INFO = NO;
				SDKROOT = iphoneos;
				TARGETED_DEVICE_FAMILY = "1,2";
				VALIDATE_PRODUCT = YES;
			};
			name = Release;
		};
		F87502171E4B51400062D5A3 /* Debug */ = {
			isa = XCBuildConfiguration;
			buildSettings = {
				ASSETCATALOG_COMPILER_APPICON_NAME = AppIcon;
				INFOPLIST_FILE = Stoccaggio/Info.plist;
				LD_RUNPATH_SEARCH_PATHS = "$(inherited) @executable_path/Frameworks";
				PRODUCT_BUNDLE_IDENTIFIER = it.campara.luca.Stoccaggio;
				PRODUCT_NAME = "$(TARGET_NAME)";
			};
			name = Debug;
		};
		F87502181E4B51400062D5A3 /* Release */ = {
			isa = XCBuildConfiguration;
			buildSettings = {
				ASSETCATALOG_COMPILER_APPICON_NAME = AppIcon;
				INFOPLIST_FILE = Stoccaggio/Info.plist;
				LD_RUNPATH_SEARCH_PATHS = "$(inherited) @executable_path/Frameworks";
				PRODUCT_BUNDLE_IDENTIFIER = it.campara.luca.Stoccaggio;
				PRODUCT_NAME = "$(TARGET_NAME)";
			};
			name = Release;
		};
/* End XCBuildConfiguration section */

/* Begin XCConfigurationList section */
		F87501FA1E4B51400062D5A3 /* Build configuration list for PBXProject "Stoccaggio" */ = {
			isa = XCConfigurationList;
			buildConfigurations = (
				F87502141E4B51400062D5A3 /* Debug */,
				F87502151E4B51400062D5A3 /* Release */,
			);
			defaultConfigurationIsVisible = 0;
			defaultConfigurationName = Release;
		};
		F87502161E4B51400062D5A3 /* Build configuration list for PBXNativeTarget "Stoccaggio" */ = {
			isa = XCConfigurationList;
			buildConfigurations = (
				F87502171E4B51400062D5A3 /* Debug */,
				F87502181E4B51400062D5A3 /* Release */,
			);
			defaultConfigurationIsVisible = 0;
		};
/* End XCConfigurationList section */
	};
	rootObject = F87501F71E4B51400062D5A3 /* Project object */;
}
